// !$*UTF8*$!
{
	archiveVersion = 1;
	classes = {
	};
	objectVersion = 46;
	objects = {

/* Begin PBXBuildFile section */
		D13474D11938CE6C00FAA076 /* Foundation.framework in Frameworks */ = {isa = PBXBuildFile; fileRef = D13474D01938CE6C00FAA076 /* Foundation.framework */; };
		D13474D31938CE6C00FAA076 /* CoreGraphics.framework in Frameworks */ = {isa = PBXBuildFile; fileRef = D13474D21938CE6C00FAA076 /* CoreGraphics.framework */; };
		D13474D51938CE6C00FAA076 /* UIKit.framework in Frameworks */ = {isa = PBXBuildFile; fileRef = D13474D41938CE6C00FAA076 /* UIKit.framework */; };
		D13474DB1938CE6C00FAA076 /* InfoPlist.strings in Resources */ = {isa = PBXBuildFile; fileRef = D13474D91938CE6C00FAA076 /* InfoPlist.strings */; };
		D13474DD1938CE6C00FAA076 /* main.m in Sources */ = {isa = PBXBuildFile; fileRef = D13474DC1938CE6C00FAA076 /* main.m */; };
		D13474E11938CE6C00FAA076 /* AppDelegate.m in Sources */ = {isa = PBXBuildFile; fileRef = D13474E01938CE6C00FAA076 /* AppDelegate.m */; };
		D13474E41938CE6C00FAA076 /* Main.storyboard in Resources */ = {isa = PBXBuildFile; fileRef = D13474E21938CE6C00FAA076 /* Main.storyboard */; };
		D13474E71938CE6C00FAA076 /* ViewController.m in Sources */ = {isa = PBXBuildFile; fileRef = D13474E61938CE6C00FAA076 /* ViewController.m */; };
		D13474E91938CE6C00FAA076 /* Images.xcassets in Resources */ = {isa = PBXBuildFile; fileRef = D13474E81938CE6C00FAA076 /* Images.xcassets */; };
		D13474F01938CE6C00FAA076 /* XCTest.framework in Frameworks */ = {isa = PBXBuildFile; fileRef = D13474EF1938CE6C00FAA076 /* XCTest.framework */; };
		D13474F11938CE6C00FAA076 /* Foundation.framework in Frameworks */ = {isa = PBXBuildFile; fileRef = D13474D01938CE6C00FAA076 /* Foundation.framework */; };
		D13474F21938CE6C00FAA076 /* UIKit.framework in Frameworks */ = {isa = PBXBuildFile; fileRef = D13474D41938CE6C00FAA076 /* UIKit.framework */; };
		D13474FA1938CE6C00FAA076 /* InfoPlist.strings in Resources */ = {isa = PBXBuildFile; fileRef = D13474F81938CE6C00FAA076 /* InfoPlist.strings */; };
		D13474FC1938CE6C00FAA076 /* GitUsExampleTests.m in Sources */ = {isa = PBXBuildFile; fileRef = D13474FB1938CE6C00FAA076 /* GitUsExampleTests.m */; };
/* End PBXBuildFile section */

/* Begin PBXContainerItemProxy section */
		D13474F31938CE6C00FAA076 /* PBXContainerItemProxy */ = {
			isa = PBXContainerItemProxy;
			containerPortal = D13474C51938CE6C00FAA076 /* Project object */;
			proxyType = 1;
			remoteGlobalIDString = D13474CC1938CE6C00FAA076;
			remoteInfo = GitUsExample;
		};
/* End PBXContainerItemProxy section */

/* Begin PBXFileReference section */
		D13474CD1938CE6C00FAA076 /* GitUsExample.app */ = {isa = PBXFileReference; explicitFileType = wrapper.application; includeInIndex = 0; path = GitUsExample.app; sourceTree = BUILT_PRODUCTS_DIR; };
		D13474D01938CE6C00FAA076 /* Foundation.framework */ = {isa = PBXFileReference; lastKnownFileType = wrapper.framework; name = Foundation.framework; path = System/Library/Frameworks/Foundation.framework; sourceTree = SDKROOT; };
		D13474D21938CE6C00FAA076 /* CoreGraphics.framework */ = {isa = PBXFileReference; lastKnownFileType = wrapper.framework; name = CoreGraphics.framework; path = System/Library/Frameworks/CoreGraphics.framework; sourceTree = SDKROOT; };
		D13474D41938CE6C00FAA076 /* UIKit.framework */ = {isa = PBXFileReference; lastKnownFileType = wrapper.framework; name = UIKit.framework; path = System/Library/Frameworks/UIKit.framework; sourceTree = SDKROOT; };
		D13474D81938CE6C00FAA076 /* GitUsExample-Info.plist */ = {isa = PBXFileReference; lastKnownFileType = text.plist.xml; path = "GitUsExample-Info.plist"; sourceTree = "<group>"; };
		D13474DA1938CE6C00FAA076 /* en */ = {isa = PBXFileReference; lastKnownFileType = text.plist.strings; name = en; path = en.lproj/InfoPlist.strings; sourceTree = "<group>"; };
		D13474DC1938CE6C00FAA076 /* main.m */ = {isa = PBXFileReference; lastKnownFileType = sourcecode.c.objc; path = main.m; sourceTree = "<group>"; };
		D13474DE1938CE6C00FAA076 /* GitUsExample-Prefix.pch */ = {isa = PBXFileReference; lastKnownFileType = sourcecode.c.h; path = "GitUsExample-Prefix.pch"; sourceTree = "<group>"; };
		D13474DF1938CE6C00FAA076 /* AppDelegate.h */ = {isa = PBXFileReference; lastKnownFileType = sourcecode.c.h; path = AppDelegate.h; sourceTree = "<group>"; };
		D13474E01938CE6C00FAA076 /* AppDelegate.m */ = {isa = PBXFileReference; lastKnownFileType = sourcecode.c.objc; path = AppDelegate.m; sourceTree = "<group>"; };
		D13474E31938CE6C00FAA076 /* Base */ = {isa = PBXFileReference; lastKnownFileType = file.storyboard; name = Base; path = Base.lproj/Main.storyboard; sourceTree = "<group>"; };
		D13474E51938CE6C00FAA076 /* ViewController.h */ = {isa = PBXFileReference; lastKnownFileType = sourcecode.c.h; path = ViewController.h; sourceTree = "<group>"; };
		D13474E61938CE6C00FAA076 /* ViewController.m */ = {isa = PBXFileReference; lastKnownFileType = sourcecode.c.objc; path = ViewController.m; sourceTree = "<group>"; };
		D13474E81938CE6C00FAA076 /* Images.xcassets */ = {isa = PBXFileReference; lastKnownFileType = folder.assetcatalog; path = Images.xcassets; sourceTree = "<group>"; };
		D13474EE1938CE6C00FAA076 /* GitUsExampleTests.xctest */ = {isa = PBXFileReference; explicitFileType = wrapper.cfbundle; includeInIndex = 0; path = GitUsExampleTests.xctest; sourceTree = BUILT_PRODUCTS_DIR; };
		D13474EF1938CE6C00FAA076 /* XCTest.framework */ = {isa = PBXFileReference; lastKnownFileType = wrapper.framework; name = XCTest.framework; path = Library/Frameworks/XCTest.framework; sourceTree = DEVELOPER_DIR; };
		D13474F71938CE6C00FAA076 /* GitUsExampleTests-Info.plist */ = {isa = PBXFileReference; lastKnownFileType = text.plist.xml; path = "GitUsExampleTests-Info.plist"; sourceTree = "<group>"; };
		D13474F91938CE6C00FAA076 /* en */ = {isa = PBXFileReference; lastKnownFileType = text.plist.strings; name = en; path = en.lproj/InfoPlist.strings; sourceTree = "<group>"; };
		D13474FB1938CE6C00FAA076 /* GitUsExampleTests.m */ = {isa = PBXFileReference; lastKnownFileType = sourcecode.c.objc; path = GitUsExampleTests.m; sourceTree = "<group>"; };
/* End PBXFileReference section */

/* Begin PBXFrameworksBuildPhase section */
		D13474CA1938CE6C00FAA076 /* Frameworks */ = {
			isa = PBXFrameworksBuildPhase;
			buildActionMask = 2147483647;
			files = (
				D13474D31938CE6C00FAA076 /* CoreGraphics.framework in Frameworks */,
				D13474D51938CE6C00FAA076 /* UIKit.framework in Frameworks */,
				D13474D11938CE6C00FAA076 /* Foundation.framework in Frameworks */,
			);
			runOnlyForDeploymentPostprocessing = 0;
		};
		D13474EB1938CE6C00FAA076 /* Frameworks */ = {
			isa = PBXFrameworksBuildPhase;
			buildActionMask = 2147483647;
			files = (
				D13474F01938CE6C00FAA076 /* XCTest.framework in Frameworks */,
				D13474F21938CE6C00FAA076 /* UIKit.framework in Frameworks */,
				D13474F11938CE6C00FAA076 /* Foundation.framework in Frameworks */,
			);
			runOnlyForDeploymentPostprocessing = 0;
		};
/* End PBXFrameworksBuildPhase section */

/* Begin PBXGroup section */
		D13474C41938CE6C00FAA076 = {
			isa = PBXGroup;
			children = (
				D13474D61938CE6C00FAA076 /* GitUsExample */,
				D13474F51938CE6C00FAA076 /* GitUsExampleTests */,
				D13474CF1938CE6C00FAA076 /* Frameworks */,
				D13474CE1938CE6C00FAA076 /* Products */,
			);
			sourceTree = "<group>";
		};
		D13474CE1938CE6C00FAA076 /* Products */ = {
			isa = PBXGroup;
			children = (
				D13474CD1938CE6C00FAA076 /* GitUsExample.app */,
				D13474EE1938CE6C00FAA076 /* GitUsExampleTests.xctest */,
			);
			name = Products;
			sourceTree = "<group>";
		};
		D13474CF1938CE6C00FAA076 /* Frameworks */ = {
			isa = PBXGroup;
			children = (
				D13474D01938CE6C00FAA076 /* Foundation.framework */,
				D13474D21938CE6C00FAA076 /* CoreGraphics.framework */,
				D13474D41938CE6C00FAA076 /* UIKit.framework */,
				D13474EF1938CE6C00FAA076 /* XCTest.framework */,
			);
			name = Frameworks;
			sourceTree = "<group>";
		};
		D13474D61938CE6C00FAA076 /* GitUsExample */ = {
			isa = PBXGroup;
			children = (
				D13474DF1938CE6C00FAA076 /* AppDelegate.h */,
				D13474E01938CE6C00FAA076 /* AppDelegate.m */,
				D13474E21938CE6C00FAA076 /* Main.storyboard */,
				D13474E51938CE6C00FAA076 /* ViewController.h */,
				D13474E61938CE6C00FAA076 /* ViewController.m */,
				D13474E81938CE6C00FAA076 /* Images.xcassets */,
				D13474D71938CE6C00FAA076 /* Supporting Files */,
			);
			path = GitUsExample;
			sourceTree = "<group>";
		};
		D13474D71938CE6C00FAA076 /* Supporting Files */ = {
			isa = PBXGroup;
			children = (
				D13474D81938CE6C00FAA076 /* GitUsExample-Info.plist */,
				D13474D91938CE6C00FAA076 /* InfoPlist.strings */,
				D13474DC1938CE6C00FAA076 /* main.m */,
				D13474DE1938CE6C00FAA076 /* GitUsExample-Prefix.pch */,
			);
			name = "Supporting Files";
			sourceTree = "<group>";
		};
		D13474F51938CE6C00FAA076 /* GitUsExampleTests */ = {
			isa = PBXGroup;
			children = (
				D13474FB1938CE6C00FAA076 /* GitUsExampleTests.m */,
				D13474F61938CE6C00FAA076 /* Supporting Files */,
			);
			path = GitUsExampleTests;
			sourceTree = "<group>";
		};
		D13474F61938CE6C00FAA076 /* Supporting Files */ = {
			isa = PBXGroup;
			children = (
				D13474F71938CE6C00FAA076 /* GitUsExampleTests-Info.plist */,
				D13474F81938CE6C00FAA076 /* InfoPlist.strings */,
			);
			name = "Supporting Files";
			sourceTree = "<group>";
		};
/* End PBXGroup section */

/* Begin PBXNativeTarget section */
		D13474CC1938CE6C00FAA076 /* GitUsExample */ = {
			isa = PBXNativeTarget;
			buildConfigurationList = D13474FF1938CE6C00FAA076 /* Build configuration list for PBXNativeTarget "GitUsExample" */;
			buildPhases = (
				D13474C91938CE6C00FAA076 /* Sources */,
				D13474CA1938CE6C00FAA076 /* Frameworks */,
				D13474CB1938CE6C00FAA076 /* Resources */,
			);
			buildRules = (
			);
			dependencies = (
			);
			name = GitUsExample;
			productName = GitUsExample;
			productReference = D13474CD1938CE6C00FAA076 /* GitUsExample.app */;
			productType = "com.apple.product-type.application";
		};
		D13474ED1938CE6C00FAA076 /* GitUsExampleTests */ = {
			isa = PBXNativeTarget;
			buildConfigurationList = D13475021938CE6C00FAA076 /* Build configuration list for PBXNativeTarget "GitUsExampleTests" */;
			buildPhases = (
				D13474EA1938CE6C00FAA076 /* Sources */,
				D13474EB1938CE6C00FAA076 /* Frameworks */,
				D13474EC1938CE6C00FAA076 /* Resources */,
			);
			buildRules = (
			);
			dependencies = (
				D13474F41938CE6C00FAA076 /* PBXTargetDependency */,
			);
			name = GitUsExampleTests;
			productName = GitUsExampleTests;
			productReference = D13474EE1938CE6C00FAA076 /* GitUsExampleTests.xctest */;
			productType = "com.apple.product-type.bundle.unit-test";
		};
/* End PBXNativeTarget section */

/* Begin PBXProject section */
		D13474C51938CE6C00FAA076 /* Project object */ = {
			isa = PBXProject;
			attributes = {
				LastUpgradeCheck = 0510;
				ORGANIZATIONNAME = "Shruti Gupta";
				TargetAttributes = {
					D13474ED1938CE6C00FAA076 = {
						TestTargetID = D13474CC1938CE6C00FAA076;
					};
				};
			};
			buildConfigurationList = D13474C81938CE6C00FAA076 /* Build configuration list for PBXProject "GitUsExample" */;
			compatibilityVersion = "Xcode 3.2";
			developmentRegion = English;
			hasScannedForEncodings = 0;
			knownRegions = (
				en,
				Base,
			);
			mainGroup = D13474C41938CE6C00FAA076;
			productRefGroup = D13474CE1938CE6C00FAA076 /* Products */;
			projectDirPath = "";
			projectRoot = "";
			targets = (
				D13474CC1938CE6C00FAA076 /* GitUsExample */,
				D13474ED1938CE6C00FAA076 /* GitUsExampleTests */,
			);
		};
/* End PBXProject section */

/* Begin PBXResourcesBuildPhase section */
		D13474CB1938CE6C00FAA076 /* Resources */ = {
			isa = PBXResourcesBuildPhase;
			buildActionMask = 2147483647;
			files = (
				D13474E91938CE6C00FAA076 /* Images.xcassets in Resources */,
				D13474DB1938CE6C00FAA076 /* InfoPlist.strings in Resources */,
				D13474E41938CE6C00FAA076 /* Main.storyboard in Resources */,
			);
			runOnlyForDeploymentPostprocessing = 0;
		};
		D13474EC1938CE6C00FAA076 /* Resources */ = {
			isa = PBXResourcesBuildPhase;
			buildActionMask = 2147483647;
			files = (
				D13474FA1938CE6C00FAA076 /* InfoPlist.strings in Resources */,
			);
			runOnlyForDeploymentPostprocessing = 0;
		};
/* End PBXResourcesBuildPhase section */

/* Begin PBXSourcesBuildPhase section */
		D13474C91938CE6C00FAA076 /* Sources */ = {
			isa = PBXSourcesBuildPhase;
			buildActionMask = 2147483647;
			files = (
				D13474E71938CE6C00FAA076 /* ViewController.m in Sources */,
				D13474E11938CE6C00FAA076 /* AppDelegate.m in Sources */,
				D13474DD1938CE6C00FAA076 /* main.m in Sources */,
			);
			runOnlyForDeploymentPostprocessing = 0;
		};
		D13474EA1938CE6C00FAA076 /* Sources */ = {
			isa = PBXSourcesBuildPhase;
			buildActionMask = 2147483647;
			files = (
				D13474FC1938CE6C00FAA076 /* GitUsExampleTests.m in Sources */,
			);
			runOnlyForDeploymentPostprocessing = 0;
		};
/* End PBXSourcesBuildPhase section */

/* Begin PBXTargetDependency section */
		D13474F41938CE6C00FAA076 /* PBXTargetDependency */ = {
			isa = PBXTargetDependency;
			target = D13474CC1938CE6C00FAA076 /* GitUsExample */;
			targetProxy = D13474F31938CE6C00FAA076 /* PBXContainerItemProxy */;
		};
/* End PBXTargetDependency section */

/* Begin PBXVariantGroup section */
		D13474D91938CE6C00FAA076 /* InfoPlist.strings */ = {
			isa = PBXVariantGroup;
			children = (
				D13474DA1938CE6C00FAA076 /* en */,
			);
			name = InfoPlist.strings;
			sourceTree = "<group>";
		};
		D13474E21938CE6C00FAA076 /* Main.storyboard */ = {
			isa = PBXVariantGroup;
			children = (
				D13474E31938CE6C00FAA076 /* Base */,
			);
			name = Main.storyboard;
			sourceTree = "<group>";
		};
		D13474F81938CE6C00FAA076 /* InfoPlist.strings */ = {
			isa = PBXVariantGroup;
			children = (
				D13474F91938CE6C00FAA076 /* en */,
			);
			name = InfoPlist.strings;
			sourceTree = "<group>";
		};
/* End PBXVariantGroup section */

/* Begin XCBuildConfiguration section */
		D13474FD1938CE6C00FAA076 /* Debug */ = {
			isa = XCBuildConfiguration;
			buildSettings = {
				ALWAYS_SEARCH_USER_PATHS = NO;
				CLANG_CXX_LANGUAGE_STANDARD = "gnu++0x";
				CLANG_CXX_LIBRARY = "libc++";
				CLANG_ENABLE_MODULES = YES;
				CLANG_ENABLE_OBJC_ARC = YES;
				CLANG_WARN_BOOL_CONVERSION = YES;
				CLANG_WARN_CONSTANT_CONVERSION = YES;
				CLANG_WARN_DIRECT_OBJC_ISA_USAGE = YES_ERROR;
				CLANG_WARN_EMPTY_BODY = YES;
				CLANG_WARN_ENUM_CONVERSION = YES;
				CLANG_WARN_INT_CONVERSION = YES;
				CLANG_WARN_OBJC_ROOT_CLASS = YES_ERROR;
				CLANG_WARN__DUPLICATE_METHOD_MATCH = YES;
				"CODE_SIGN_IDENTITY[sdk=iphoneos*]" = "iPhone Developer";
				COPY_PHASE_STRIP = NO;
				GCC_C_LANGUAGE_STANDARD = gnu99;
				GCC_DYNAMIC_NO_PIC = NO;
				GCC_OPTIMIZATION_LEVEL = 0;
				GCC_PREPROCESSOR_DEFINITIONS = (
					"DEBUG=1",
					"$(inherited)",
				);
				GCC_SYMBOLS_PRIVATE_EXTERN = NO;
				GCC_WARN_64_TO_32_BIT_CONVERSION = YES;
				GCC_WARN_ABOUT_RETURN_TYPE = YES_ERROR;
				GCC_WARN_UNDECLARED_SELECTOR = YES;
				GCC_WARN_UNINITIALIZED_AUTOS = YES_AGGRESSIVE;
				GCC_WARN_UNUSED_FUNCTION = YES;
				GCC_WARN_UNUSED_VARIABLE = YES;
				IPHONEOS_DEPLOYMENT_TARGET = 7.1;
				ONLY_ACTIVE_ARCH = YES;
				SDKROOT = iphoneos;
			};
			name = Debug;
		};
		D13474FE1938CE6C00FAA076 /* Release */ = {
			isa = XCBuildConfiguration;
			buildSettings = {
				ALWAYS_SEARCH_USER_PATHS = NO;
				CLANG_CXX_LANGUAGE_STANDARD = "gnu++0x";
				CLANG_CXX_LIBRARY = "libc++";
				CLANG_ENABLE_MODULES = YES;
				CLANG_ENABLE_OBJC_ARC = YES;
				CLANG_WARN_BOOL_CONVERSION = YES;
				CLANG_WARN_CONSTANT_CONVERSION = YES;
				CLANG_WARN_DIRECT_OBJC_ISA_USAGE = YES_ERROR;
				CLANG_WARN_EMPTY_BODY = YES;
				CLANG_WARN_ENUM_CONVERSION = YES;
				CLANG_WARN_INT_CONVERSION = YES;
				CLANG_WARN_OBJC_ROOT_CLASS = YES_ERROR;
				CLANG_WARN__DUPLICATE_METHOD_MATCH = YES;
				"CODE_SIGN_IDENTITY[sdk=iphoneos*]" = "iPhone Developer";
				COPY_PHASE_STRIP = YES;
				ENABLE_NS_ASSERTIONS = NO;
				GCC_C_LANGUAGE_STANDARD = gnu99;
				GCC_WARN_64_TO_32_BIT_CONVERSION = YES;
				GCC_WARN_ABOUT_RETURN_TYPE = YES_ERROR;
				GCC_WARN_UNDECLARED_SELECTOR = YES;
				GCC_WARN_UNINITIALIZED_AUTOS = YES_AGGRESSIVE;
				GCC_WARN_UNUSED_FUNCTION = YES;
				GCC_WARN_UNUSED_VARIABLE = YES;
				IPHONEOS_DEPLOYMENT_TARGET = 7.1;
				SDKROOT = iphoneos;
				VALIDATE_PRODUCT = YES;
			};
			name = Release;
		};
		D13475001938CE6C00FAA076 /* Debug */ = {
			isa = XCBuildConfiguration;
			buildSettings = {
				ASSETCATALOG_COMPILER_APPICON_NAME = AppIcon;
				ASSETCATALOG_COMPILER_LAUNCHIMAGE_NAME = LaunchImage;
				GCC_PRECOMPILE_PREFIX_HEADER = YES;
				GCC_PREFIX_HEADER = "GitUsExample/GitUsExample-Prefix.pch";
				INFOPLIST_FILE = "GitUsExample/GitUsExample-Info.plist";
				PRODUCT_NAME = "$(TARGET_NAME)";
				WRAPPER_EXTENSION = app;
			};
			name = Debug;
		};
		D13475011938CE6C00FAA076 /* Release */ = {
			isa = XCBuildConfiguration;
			buildSettings = {
				ASSETCATALOG_COMPILER_APPICON_NAME = AppIcon;
				ASSETCATALOG_COMPILER_LAUNCHIMAGE_NAME = LaunchImage;
				GCC_PRECOMPILE_PREFIX_HEADER = YES;
				GCC_PREFIX_HEADER = "GitUsExample/GitUsExample-Prefix.pch";
				INFOPLIST_FILE = "GitUsExample/GitUsExample-Info.plist";
				PRODUCT_NAME = "$(TARGET_NAME)";
				WRAPPER_EXTENSION = app;
			};
			name = Release;
		};
		D13475031938CE6C00FAA076 /* Debug */ = {
			isa = XCBuildConfiguration;
			buildSettings = {
				BUNDLE_LOADER = "$(BUILT_PRODUCTS_DIR)/GitUsExample.app/GitUsExample";
				FRAMEWORK_SEARCH_PATHS = (
					"$(SDKROOT)/Developer/Library/Frameworks",
					"$(inherited)",
					"$(DEVELOPER_FRAMEWORKS_DIR)",
				);
				GCC_PRECOMPILE_PREFIX_HEADER = YES;
				GCC_PREFIX_HEADER = "GitUsExample/GitUsExample-Prefix.pch";
				GCC_PREPROCESSOR_DEFINITIONS = (
					"DEBUG=1",
					"$(inherited)",
				);
				INFOPLIST_FILE = "GitUsExampleTests/GitUsExampleTests-Info.plist";
				PRODUCT_NAME = "$(TARGET_NAME)";
				TEST_HOST = "$(BUNDLE_LOADER)";
				WRAPPER_EXTENSION = xctest;
			};
			name = Debug;
		};
		D13475041938CE6C00FAA076 /* Release */ = {
			isa = XCBuildConfiguration;
			buildSettings = {
				BUNDLE_LOADER = "$(BUILT_PRODUCTS_DIR)/GitUsExample.app/GitUsExample";
				FRAMEWORK_SEARCH_PATHS = (
					"$(SDKROOT)/Developer/Library/Frameworks",
					"$(inherited)",
					"$(DEVELOPER_FRAMEWORKS_DIR)",
				);
				GCC_PRECOMPILE_PREFIX_HEADER = YES;
				GCC_PREFIX_HEADER = "GitUsExample/GitUsExample-Prefix.pch";
				INFOPLIST_FILE = "GitUsExampleTests/GitUsExampleTests-Info.plist";
				PRODUCT_NAME = "$(TARGET_NAME)";
				TEST_HOST = "$(BUNDLE_LOADER)";
				WRAPPER_EXTENSION = xctest;
			};
			name = Release;
		};
/* End XCBuildConfiguration section */

/* Begin XCConfigurationList section */
		D13474C81938CE6C00FAA076 /* Build configuration list for PBXProject "GitUsExample" */ = {
			isa = XCConfigurationList;
			buildConfigurations = (
				D13474FD1938CE6C00FAA076 /* Debug */,
				D13474FE1938CE6C00FAA076 /* Release */,
			);
			defaultConfigurationIsVisible = 0;
			defaultConfigurationName = Release;
		};
		D13474FF1938CE6C00FAA076 /* Build configuration list for PBXNativeTarget "GitUsExample" */ = {
			isa = XCConfigurationList;
			buildConfigurations = (
				D13475001938CE6C00FAA076 /* Debug */,
				D13475011938CE6C00FAA076 /* Release */,
			);
			defaultConfigurationIsVisible = 0;
		};
		D13475021938CE6C00FAA076 /* Build configuration list for PBXNativeTarget "GitUsExampleTests" */ = {
			isa = XCConfigurationList;
			buildConfigurations = (
				D13475031938CE6C00FAA076 /* Debug */,
				D13475041938CE6C00FAA076 /* Release */,
			);
			defaultConfigurationIsVisible = 0;
		};
/* End XCConfigurationList section */
	};
	rootObject = D13474C51938CE6C00FAA076 /* Project object */;
}
